
Microsoft Visual Studio Solution File, Format Version 11.00
# Visual Studio 2010
Project("{FAE04EC0-301F-11D3-BF4B-00C04F79EFBC}") = "MvcApplication1", "MvcApplication1\MvcApplication1.csproj", "{8E625E2C-66F3-4A86-9330-07C12DB46FCF}"
EndProject
Global
	GlobalSection(TeamFoundationVersionControl) = preSolution
		SccNumberOfProjects = 2
		SccEnterpriseProvider = {4CA58AB2-18FA-4F8D-95D4-32DDF27D184C}
		SccTeamFoundationServer = https://kuduqa.kudutfs.tfsallin.net/defaultcollection
		SccLocalPath0 = .
		SccProjectUniqueName1 = MvcApplication1\\MvcApplication1.csproj
		SccProjectName1 = MvcApplication1
		SccLocalPath1 = MvcApplication1
	EndGlobalSection
	GlobalSection(SolutionConfigurationPlatforms) = preSolution
		Debug|Any CPU = Debug|Any CPU
		Release|Any CPU = Release|Any CPU
	EndGlobalSection
	GlobalSection(ProjectConfigurationPlatforms) = postSolution
		{8E625E2C-66F3-4A86-9330-07C12DB46FCF}.Debug|Any CPU.ActiveCfg = Debug|Any CPU
		{8E625E2C-66F3-4A86-9330-07C12DB46FCF}.Debug|Any CPU.Build.0 = Debug|Any CPU
		{8E625E2C-66F3-4A86-9330-07C12DB46FCF}.Release|Any CPU.ActiveCfg = Release|Any CPU
		{8E625E2C-66F3-4A86-9330-07C12DB46FCF}.Release|Any CPU.Build.0 = Release|Any CPU
	EndGlobalSection
	GlobalSection(SolutionProperties) = preSolution
		HideSolutionNode = FALSE
	EndGlobalSection
EndGlobal
